
Microsoft Visual Studio Solution File, Format Version 12.00
# Visual Studio Version 17
VisualStudioVersion = 17.11.35327.3
MinimumVisualStudioVersion = 10.0.40219.1
Project("{FAE04EC0-301F-11D3-BF4B-00C04F79EFBC}") = "Scp3114 Spawn", "Scp3114 Spawn\Scp3114 Spawn.csproj", "{5B0BA359-9BED-4C09-8EF7-946B7ED0EFB5}"
EndProject
Global
	GlobalSection(SolutionConfigurationPlatforms) = preSolution
		Debug|Any CPU = Debug|Any CPU
		Release|Any CPU = Release|Any CPU
	EndGlobalSection
	GlobalSection(ProjectConfigurationPlatforms) = postSolution
		{5B0BA359-9BED-4C09-8EF7-946B7ED0EFB5}.Debug|Any CPU.ActiveCfg = Debug|Any CPU
		{5B0BA359-9BED-4C09-8EF7-946B7ED0EFB5}.Debug|Any CPU.Build.0 = Debug|Any CPU
		{5B0BA359-9BED-4C09-8EF7-946B7ED0EFB5}.Release|Any CPU.ActiveCfg = Release|Any CPU
		{5B0BA359-9BED-4C09-8EF7-946B7ED0EFB5}.Release|Any CPU.Build.0 = Release|Any CPU
	EndGlobalSection
	GlobalSection(SolutionProperties) = preSolution
		HideSolutionNode = FALSE
	EndGlobalSection
	GlobalSection(ExtensibilityGlobals) = postSolution
		SolutionGuid = {3BE8EE27-C910-4998-8E0A-659A6AA65192}
	EndGlobalSection
EndGlobal
